
Microsoft Visual Studio Solution File, Format Version 12.00
# Visual Studio Version 16
VisualStudioVersion = 16.0.30717.126
MinimumVisualStudioVersion = 10.0.40219.1
Project("{FAE04EC0-301F-11D3-BF4B-00C04F79EFBC}") = "UCP1_PAW_110", "UCP1_PAW_110\UCP1_PAW_110.csproj", "{4389A0C3-4EC7-4B0A-9068-7DC76FC0F654}"
EndProject
Global
	GlobalSection(SolutionConfigurationPlatforms) = preSolution
		Debug|Any CPU = Debug|Any CPU
		Release|Any CPU = Release|Any CPU
	EndGlobalSection
	GlobalSection(ProjectConfigurationPlatforms) = postSolution
		{4389A0C3-4EC7-4B0A-9068-7DC76FC0F654}.Debug|Any CPU.ActiveCfg = Debug|Any CPU
		{4389A0C3-4EC7-4B0A-9068-7DC76FC0F654}.Debug|Any CPU.Build.0 = Debug|Any CPU
		{4389A0C3-4EC7-4B0A-9068-7DC76FC0F654}.Release|Any CPU.ActiveCfg = Release|Any CPU
		{4389A0C3-4EC7-4B0A-9068-7DC76FC0F654}.Release|Any CPU.Build.0 = Release|Any CPU
	EndGlobalSection
	GlobalSection(SolutionProperties) = preSolution
		HideSolutionNode = FALSE
	EndGlobalSection
	GlobalSection(ExtensibilityGlobals) = postSolution
		SolutionGuid = {616B40D1-0FA9-494B-842E-1333D6915AE8}
	EndGlobalSection
EndGlobal
